// !$*UTF8*$!
{
	archiveVersion = 1;
	classes = {
	};
	objectVersion = 77;
	objects = {

/* Begin PBXContainerItemProxy section */
		DE149DB92EB2DB94009C4D3B /* PBXContainerItemProxy */ = {
			isa = PBXContainerItemProxy;
			containerPortal = DE149DA32EB2DB93009C4D3B /* Project object */;
			proxyType = 1;
			remoteGlobalIDString = DE149DAA2EB2DB93009C4D3B;
			remoteInfo = MovieNight;
		};
		DE149DC32EB2DB94009C4D3B /* PBXContainerItemProxy */ = {
			isa = PBXContainerItemProxy;
			containerPortal = DE149DA32EB2DB93009C4D3B /* Project object */;
			proxyType = 1;
			remoteGlobalIDString = DE149DAA2EB2DB93009C4D3B;
			remoteInfo = MovieNight;
		};
/* End PBXContainerItemProxy section */

/* Begin PBXFileReference section */
		DE149DAB2EB2DB93009C4D3B /* MovieNight.app */ = {isa = PBXFileReference; explicitFileType = wrapper.application; includeInIndex = 0; path = MovieNight.app; sourceTree = BUILT_PRODUCTS_DIR; };
		DE149DB82EB2DB94009C4D3B /* MovieNightTests.xctest */ = {isa = PBXFileReference; explicitFileType = wrapper.cfbundle; includeInIndex = 0; path = MovieNightTests.xctest; sourceTree = BUILT_PRODUCTS_DIR; };
		DE149DC22EB2DB94009C4D3B /* MovieNightUITests.xctest */ = {isa = PBXFileReference; explicitFileType = wrapper.cfbundle; includeInIndex = 0; path = MovieNightUITests.xctest; sourceTree = BUILT_PRODUCTS_DIR; };
/* End PBXFileReference section */

/* Begin PBXFileSystemSynchronizedBuildFileExceptionSet section */
		DE7DC40E2EC317030074F299 /* Exceptions for "MovieNight" folder in "MovieNight" target */ = {
			isa = PBXFileSystemSynchronizedBuildFileExceptionSet;
			membershipExceptions = (
				Assets.xcassets,
				ContentView.swift,
				MovieDBView.swift,
				MovieNightApp.swift,
				TrendingCard.swift,
				TrendingItems.swift,
				TrendingResults.swift,
			);
			target = DE149DAA2EB2DB93009C4D3B /* MovieNight */;
		};
		DE7DC40F2EC317030074F299 /* Exceptions for "MovieNight" folder in "MovieNightUITests" target */ = {
			isa = PBXFileSystemSynchronizedBuildFileExceptionSet;
			membershipExceptions = (
				Assets.xcassets,
				ContentView.swift,
				MovieDBView.swift,
				MovieNightApp.swift,
				TrendingCard.swift,
				TrendingItems.swift,
				TrendingResults.swift,
			);
			target = DE149DC12EB2DB94009C4D3B /* MovieNightUITests */;
		};
/* End PBXFileSystemSynchronizedBuildFileExceptionSet section */

/* Begin PBXFileSystemSynchronizedRootGroup section */
		DE149DBB2EB2DB94009C4D3B /* MovieNightTests */ = {
			isa = PBXFileSystemSynchronizedRootGroup;
			path = MovieNightTests;
			sourceTree = "<group>";
		};
		DE149DC52EB2DB94009C4D3B /* MovieNightUITests */ = {
			isa = PBXFileSystemSynchronizedRootGroup;
			path = MovieNightUITests;
			sourceTree = "<group>";
		};
		DE7DC4062EC317030074F299 /* MovieNight */ = {
			isa = PBXFileSystemSynchronizedRootGroup;
			exceptions = (
				DE7DC40E2EC317030074F299 /* Exceptions for "MovieNight" folder in "MovieNight" target */,
				DE7DC40F2EC317030074F299 /* Exceptions for "MovieNight" folder in "MovieNightUITests" target */,
			);
			path = MovieNight;
			sourceTree = "<group>";
		};
/* End PBXFileSystemSynchronizedRootGroup section */

/* Begin PBXFrameworksBuildPhase section */
		DE149DA82EB2DB93009C4D3B /* Frameworks */ = {
			isa = PBXFrameworksBuildPhase;
			buildActionMask = 2147483647;
			files = (
			);
			runOnlyForDeploymentPostprocessing = 0;
		};
		DE149DB52EB2DB94009C4D3B /* Frameworks */ = {
			isa = PBXFrameworksBuildPhase;
			buildActionMask = 2147483647;
			files = (
			);
			runOnlyForDeploymentPostprocessing = 0;
		};
		DE149DBF2EB2DB94009C4D3B /* Frameworks */ = {
			isa = PBXFrameworksBuildPhase;
			buildActionMask = 2147483647;
			files = (
			);
			runOnlyForDeploymentPostprocessing = 0;
		};
/* End PBXFrameworksBuildPhase section */

/* Begin PBXGroup section */
		DE149DA22EB2DB93009C4D3B = {
			isa = PBXGroup;
			children = (
				DE149DBB2EB2DB94009C4D3B /* MovieNightTests */,
				DE149DC52EB2DB94009C4D3B /* MovieNightUITests */,
				DE149DAC2EB2DB93009C4D3B /* Products */,
				DE7DC4062EC317030074F299 /* MovieNight */,
			);
			sourceTree = "<group>";
		};
		DE149DAC2EB2DB93009C4D3B /* Products */ = {
			isa = PBXGroup;
			children = (
				DE149DAB2EB2DB93009C4D3B /* MovieNight.app */,
				DE149DB82EB2DB94009C4D3B /* MovieNightTests.xctest */,
				DE149DC22EB2DB94009C4D3B /* MovieNightUITests.xctest */,
			);
			name = Products;
			sourceTree = "<group>";
		};
/* End PBXGroup section */

/* Begin PBXNativeTarget section */
		DE149DAA2EB2DB93009C4D3B /* MovieNight */ = {
			isa = PBXNativeTarget;
			buildConfigurationList = DE149DCC2EB2DB94009C4D3B /* Build configuration list for PBXNativeTarget "MovieNight" */;
			buildPhases = (
				DE149DA72EB2DB93009C4D3B /* Sources */,
				DE149DA82EB2DB93009C4D3B /* Frameworks */,
				DE149DA92EB2DB93009C4D3B /* Resources */,
			);
			buildRules = (
			);
			dependencies = (
			);
			name = MovieNight;
			packageProductDependencies = (
			);
			productName = MovieNight;
			productReference = DE149DAB2EB2DB93009C4D3B /* MovieNight.app */;
			productType = "com.apple.product-type.application";
		};
		DE149DB72EB2DB94009C4D3B /* MovieNightTests */ = {
			isa = PBXNativeTarget;
			buildConfigurationList = DE149DCF2EB2DB94009C4D3B /* Build configuration list for PBXNativeTarget "MovieNightTests" */;
			buildPhases = (
				DE149DB42EB2DB94009C4D3B /* Sources */,
				DE149DB52EB2DB94009C4D3B /* Frameworks */,
				DE149DB62EB2DB94009C4D3B /* Resources */,
			);
			buildRules = (
			);
			dependencies = (
				DE149DBA2EB2DB94009C4D3B /* PBXTargetDependency */,
			);
			fileSystemSynchronizedGroups = (
				DE149DBB2EB2DB94009C4D3B /* MovieNightTests */,
			);
			name = MovieNightTests;
			packageProductDependencies = (
			);
			productName = MovieNightTests;
			productReference = DE149DB82EB2DB94009C4D3B /* MovieNightTests.xctest */;
			productType = "com.apple.product-type.bundle.unit-test";
		};
		DE149DC12EB2DB94009C4D3B /* MovieNightUITests */ = {
			isa = PBXNativeTarget;
			buildConfigurationList = DE149DD22EB2DB94009C4D3B /* Build configuration list for PBXNativeTarget "MovieNightUITests" */;
			buildPhases = (
				DE149DBE2EB2DB94009C4D3B /* Sources */,
				DE149DBF2EB2DB94009C4D3B /* Frameworks */,
				DE149DC02EB2DB94009C4D3B /* Resources */,
			);
			buildRules = (
			);
			dependencies = (
				DE149DC42EB2DB94009C4D3B /* PBXTargetDependency */,
			);
			fileSystemSynchronizedGroups = (
				DE149DC52EB2DB94009C4D3B /* MovieNightUITests */,
				DE7DC4062EC317030074F299 /* MovieNight */,
			);
			name = MovieNightUITests;
			packageProductDependencies = (
			);
			productName = MovieNightUITests;
			productReference = DE149DC22EB2DB94009C4D3B /* MovieNightUITests.xctest */;
			productType = "com.apple.product-type.bundle.ui-testing";
		};
/* End PBXNativeTarget section */

/* Begin PBXProject section */
		DE149DA32EB2DB93009C4D3B /* Project object */ = {
			isa = PBXProject;
			attributes = {
				BuildIndependentTargetsInParallel = 1;
				LastSwiftUpdateCheck = 1640;
				LastUpgradeCheck = 1640;
				TargetAttributes = {
					DE149DAA2EB2DB93009C4D3B = {
						CreatedOnToolsVersion = 16.4;
					};
					DE149DB72EB2DB94009C4D3B = {
						CreatedOnToolsVersion = 16.4;
						TestTargetID = DE149DAA2EB2DB93009C4D3B;
					};
					DE149DC12EB2DB94009C4D3B = {
						CreatedOnToolsVersion = 16.4;
						TestTargetID = DE149DAA2EB2DB93009C4D3B;
					};
				};
			};
			buildConfigurationList = DE149DA62EB2DB93009C4D3B /* Build configuration list for PBXProject "MovieNight" */;
			developmentRegion = en;
			hasScannedForEncodings = 0;
			knownRegions = (
				en,
				Base,
			);
			mainGroup = DE149DA22EB2DB93009C4D3B;
			minimizedProjectReferenceProxies = 1;
			preferredProjectObjectVersion = 77;
			productRefGroup = DE149DAC2EB2DB93009C4D3B /* Products */;
			projectDirPath = "";
			projectRoot = "";
			targets = (
				DE149DAA2EB2DB93009C4D3B /* MovieNight */,
				DE149DB72EB2DB94009C4D3B /* MovieNightTests */,
				DE149DC12EB2DB94009C4D3B /* MovieNightUITests */,
			);
		};
/* End PBXProject section */

/* Begin PBXResourcesBuildPhase section */
		DE149DA92EB2DB93009C4D3B /* Resources */ = {
			isa = PBXResourcesBuildPhase;
			buildActionMask = 2147483647;
			files = (
			);
			runOnlyForDeploymentPostprocessing = 0;
		};
		DE149DB62EB2DB94009C4D3B /* Resources */ = {
			isa = PBXResourcesBuildPhase;
			buildActionMask = 2147483647;
			files = (
			);
			runOnlyForDeploymentPostprocessing = 0;
		};
		DE149DC02EB2DB94009C4D3B /* Resources */ = {
			isa = PBXResourcesBuildPhase;
			buildActionMask = 2147483647;
			files = (
			);
			runOnlyForDeploymentPostprocessing = 0;
		};
/* End PBXResourcesBuildPhase section */

/* Begin PBXSourcesBuildPhase section */
		DE149DA72EB2DB93009C4D3B /* Sources */ = {
			isa = PBXSourcesBuildPhase;
			buildActionMask = 2147483647;
			files = (
			);
			runOnlyForDeploymentPostprocessing = 0;
		};
		DE149DB42EB2DB94009C4D3B /* Sources */ = {
			isa = PBXSourcesBuildPhase;
			buildActionMask = 2147483647;
			files = (
			);
			runOnlyForDeploymentPostprocessing = 0;
		};
		DE149DBE2EB2DB94009C4D3B /* Sources */ = {
			isa = PBXSourcesBuildPhase;
			buildActionMask = 2147483647;
			files = (
			);
			runOnlyForDeploymentPostprocessing = 0;
		};
/* End PBXSourcesBuildPhase section */

/* Begin PBXTargetDependency section */
		DE149DBA2EB2DB94009C4D3B /* PBXTargetDependency */ = {
			isa = PBXTargetDependency;
			target = DE149DAA2EB2DB93009C4D3B /* MovieNight */;
			targetProxy = DE149DB92EB2DB94009C4D3B /* PBXContainerItemProxy */;
		};
		DE149DC42EB2DB94009C4D3B /* PBXTargetDependency */ = {
			isa = PBXTargetDependency;
			target = DE149DAA2EB2DB93009C4D3B /* MovieNight */;
			targetProxy = DE149DC32EB2DB94009C4D3B /* PBXContainerItemProxy */;
		};
/* End PBXTargetDependency section */

/* Begin XCBuildConfiguration section */
		DE149DCA2EB2DB94009C4D3B /* Debug */ = {
			isa = XCBuildConfiguration;
			buildSettings = {
				ALWAYS_SEARCH_USER_PATHS = NO;
				ASSETCATALOG_COMPILER_GENERATE_SWIFT_ASSET_SYMBOL_EXTENSIONS = YES;
				CLANG_ANALYZER_NONNULL = YES;
				CLANG_ANALYZER_NUMBER_OBJECT_CONVERSION = YES_AGGRESSIVE;
				CLANG_CXX_LANGUAGE_STANDARD = "gnu++20";
				CLANG_ENABLE_MODULES = YES;
				CLANG_ENABLE_OBJC_ARC = YES;
				CLANG_ENABLE_OBJC_WEAK = YES;
				CLANG_WARN_BLOCK_CAPTURE_AUTORELEASING = YES;
				CLANG_WARN_BOOL_CONVERSION = YES;
				CLANG_WARN_COMMA = YES;
				CLANG_WARN_CONSTANT_CONVERSION = YES;
				CLANG_WARN_DEPRECATED_OBJC_IMPLEMENTATIONS = YES;
				CLANG_WARN_DIRECT_OBJC_ISA_USAGE = YES_ERROR;
				CLANG_WARN_DOCUMENTATION_COMMENTS = YES;
				CLANG_WARN_EMPTY_BODY = YES;
				CLANG_WARN_ENUM_CONVERSION = YES;
				CLANG_WARN_INFINITE_RECURSION = YES;
				CLANG_WARN_INT_CONVERSION = YES;
				CLANG_WARN_NON_LITERAL_NULL_CONVERSION = YES;
				CLANG_WARN_OBJC_IMPLICIT_RETAIN_SELF = YES;
				CLANG_WARN_OBJC_LITERAL_CONVERSION = YES;
				CLANG_WARN_OBJC_ROOT_CLASS = YES_ERROR;
				CLANG_WARN_QUOTED_INCLUDE_IN_FRAMEWORK_HEADER = YES;
				CLANG_WARN_RANGE_LOOP_ANALYSIS = YES;
				CLANG_WARN_STRICT_PROTOTYPES = YES;
				CLANG_WARN_SUSPICIOUS_MOVE = YES;
				CLANG_WARN_UNGUARDED_AVAILABILITY = YES_AGGRESSIVE;
				CLANG_WARN_UNREACHABLE_CODE = YES;
				CLANG_WARN__DUPLICATE_METHOD_MATCH = YES;
				COPY_PHASE_STRIP = NO;
				DEBUG_INFORMATION_FORMAT = dwarf;
				ENABLE_STRICT_OBJC_MSGSEND = YES;
				ENABLE_TESTABILITY = YES;
				ENABLE_USER_SCRIPT_SANDBOXING = YES;
				GCC_C_LANGUAGE_STANDARD = gnu17;
				GCC_DYNAMIC_NO_PIC = NO;
				GCC_NO_COMMON_BLOCKS = YES;
				GCC_OPTIMIZATION_LEVEL = 0;
				GCC_PREPROCESSOR_DEFINITIONS = (
					"DEBUG=1",
					"$(inherited)",
				);
				GCC_WARN_64_TO_32_BIT_CONVERSION = YES;
				GCC_WARN_ABOUT_RETURN_TYPE = YES_ERROR;
				GCC_WARN_UNDECLARED_SELECTOR = YES;
				GCC_WARN_UNINITIALIZED_AUTOS = YES_AGGRESSIVE;
				GCC_WARN_UNUSED_FUNCTION = YES;
				GCC_WARN_UNUSED_VARIABLE = YES;
				IPHONEOS_DEPLOYMENT_TARGET = 18.5;
				LOCALIZATION_PREFERS_STRING_CATALOGS = YES;
				MTL_ENABLE_DEBUG_INFO = INCLUDE_SOURCE;
				MTL_FAST_MATH = YES;
				ONLY_ACTIVE_ARCH = YES;
				SDKROOT = iphoneos;
				SWIFT_ACTIVE_COMPILATION_CONDITIONS = "DEBUG $(inherited)";
				SWIFT_OPTIMIZATION_LEVEL = "-Onone";
			};
			name = Debug;
		};
		DE149DCB2EB2DB94009C4D3B /* Release */ = {
			isa = XCBuildConfiguration;
			buildSettings = {
				ALWAYS_SEARCH_USER_PATHS = NO;
				ASSETCATALOG_COMPILER_GENERATE_SWIFT_ASSET_SYMBOL_EXTENSIONS = YES;
				CLANG_ANALYZER_NONNULL = YES;
				CLANG_ANALYZER_NUMBER_OBJECT_CONVERSION = YES_AGGRESSIVE;
				CLANG_CXX_LANGUAGE_STANDARD = "gnu++20";
				CLANG_ENABLE_MODULES = YES;
				CLANG_ENABLE_OBJC_ARC = YES;
				CLANG_ENABLE_OBJC_WEAK = YES;
				CLANG_WARN_BLOCK_CAPTURE_AUTORELEASING = YES;
				CLANG_WARN_BOOL_CONVERSION = YES;
				CLANG_WARN_COMMA = YES;
				CLANG_WARN_CONSTANT_CONVERSION = YES;
				CLANG_WARN_DEPRECATED_OBJC_IMPLEMENTATIONS = YES;
				CLANG_WARN_DIRECT_OBJC_ISA_USAGE = YES_ERROR;
				CLANG_WARN_DOCUMENTATION_COMMENTS = YES;
				CLANG_WARN_EMPTY_BODY = YES;
				CLANG_WARN_ENUM_CONVERSION = YES;
				CLANG_WARN_INFINITE_RECURSION = YES;
				CLANG_WARN_INT_CONVERSION = YES;
				CLANG_WARN_NON_LITERAL_NULL_CONVERSION = YES;
				CLANG_WARN_OBJC_IMPLICIT_RETAIN_SELF = YES;
				CLANG_WARN_OBJC_LITERAL_CONVERSION = YES;
				CLANG_WARN_OBJC_ROOT_CLASS = YES_ERROR;
				CLANG_WARN_QUOTED_INCLUDE_IN_FRAMEWORK_HEADER = YES;
				CLANG_WARN_RANGE_LOOP_ANALYSIS = YES;
				CLANG_WARN_STRICT_PROTOTYPES = YES;
				CLANG_WARN_SUSPICIOUS_MOVE = YES;
				CLANG_WARN_UNGUARDED_AVAILABILITY = YES_AGGRESSIVE;
				CLANG_WARN_UNREACHABLE_CODE = YES;
				CLANG_WARN__DUPLICATE_METHOD_MATCH = YES;
				COPY_PHASE_STRIP = NO;
				DEBUG_INFORMATION_FORMAT = "dwarf-with-dsym";
				ENABLE_NS_ASSERTIONS = NO;
				ENABLE_STRICT_OBJC_MSGSEND = YES;
				ENABLE_USER_SCRIPT_SANDBOXING = YES;
				GCC_C_LANGUAGE_STANDARD = gnu17;
				GCC_NO_COMMON_BLOCKS = YES;
				GCC_WARN_64_TO_32_BIT_CONVERSION = YES;
				GCC_WARN_ABOUT_RETURN_TYPE = YES_ERROR;
				GCC_WARN_UNDECLARED_SELECTOR = YES;
				GCC_WARN_UNINITIALIZED_AUTOS = YES_AGGRESSIVE;
				GCC_WARN_UNUSED_FUNCTION = YES;
				GCC_WARN_UNUSED_VARIABLE = YES;
				IPHONEOS_DEPLOYMENT_TARGET = 18.5;
				LOCALIZATION_PREFERS_STRING_CATALOGS = YES;
				MTL_ENABLE_DEBUG_INFO = NO;
				MTL_FAST_MATH = YES;
				SDKROOT = iphoneos;
				SWIFT_COMPILATION_MODE = wholemodule;
				VALIDATE_PRODUCT = YES;
			};
			name = Release;
		};
		DE149DCD2EB2DB94009C4D3B /* Debug */ = {
			isa = XCBuildConfiguration;
			buildSettings = {
				ASSETCATALOG_COMPILER_APPICON_NAME = AppIcon;
				ASSETCATALOG_COMPILER_GLOBAL_ACCENT_COLOR_NAME = AccentColor;
				CODE_SIGN_STYLE = Automatic;
				CURRENT_PROJECT_VERSION = 1;
				ENABLE_PREVIEWS = YES;
				GENERATE_INFOPLIST_FILE = YES;
				INFOPLIST_KEY_UIApplicationSceneManifest_Generation = YES;
				INFOPLIST_KEY_UIApplicationSupportsIndirectInputEvents = YES;
				INFOPLIST_KEY_UILaunchScreen_Generation = YES;
				INFOPLIST_KEY_UISupportedInterfaceOrientations_iPad = "UIInterfaceOrientationPortrait UIInterfaceOrientationPortraitUpsideDown UIInterfaceOrientationLandscapeLeft UIInterfaceOrientationLandscapeRight";
				INFOPLIST_KEY_UISupportedInterfaceOrientations_iPhone = "UIInterfaceOrientationPortrait UIInterfaceOrientationLandscapeLeft UIInterfaceOrientationLandscapeRight";
				LD_RUNPATH_SEARCH_PATHS = (
					"$(inherited)",
					"@executable_path/Frameworks",
				);
				MARKETING_VERSION = 1.0;
				PRODUCT_BUNDLE_IDENTIFIER = CPSC411.MovieNight;
				PRODUCT_NAME = "$(TARGET_NAME)";
				SWIFT_EMIT_LOC_STRINGS = YES;
				SWIFT_VERSION = 5.0;
				TARGETED_DEVICE_FAMILY = "1,2";
			};
			name = Debug;
		};
		DE149DCE2EB2DB94009C4D3B /* Release */ = {
			isa = XCBuildConfiguration;
			buildSettings = {
				ASSETCATALOG_COMPILER_APPICON_NAME = AppIcon;
				ASSETCATALOG_COMPILER_GLOBAL_ACCENT_COLOR_NAME = AccentColor;
				CODE_SIGN_STYLE = Automatic;
				CURRENT_PROJECT_VERSION = 1;
				ENABLE_PREVIEWS = YES;
				GENERATE_INFOPLIST_FILE = YES;
				INFOPLIST_KEY_UIApplicationSceneManifest_Generation = YES;
				INFOPLIST_KEY_UIApplicationSupportsIndirectInputEvents = YES;
				INFOPLIST_KEY_UILaunchScreen_Generation = YES;
				INFOPLIST_KEY_UISupportedInterfaceOrientations_iPad = "UIInterfaceOrientationPortrait UIInterfaceOrientationPortraitUpsideDown UIInterfaceOrientationLandscapeLeft UIInterfaceOrientationLandscapeRight";
				INFOPLIST_KEY_UISupportedInterfaceOrientations_iPhone = "UIInterfaceOrientationPortrait UIInterfaceOrientationLandscapeLeft UIInterfaceOrientationLandscapeRight";
				LD_RUNPATH_SEARCH_PATHS = (
					"$(inherited)",
					"@executable_path/Frameworks",
				);
				MARKETING_VERSION = 1.0;
				PRODUCT_BUNDLE_IDENTIFIER = CPSC411.MovieNight;
				PRODUCT_NAME = "$(TARGET_NAME)";
				SWIFT_EMIT_LOC_STRINGS = YES;
				SWIFT_VERSION = 5.0;
				TARGETED_DEVICE_FAMILY = "1,2";
			};
			name = Release;
		};
		DE149DD02EB2DB94009C4D3B /* Debug */ = {
			isa = XCBuildConfiguration;
			buildSettings = {
				BUNDLE_LOADER = "$(TEST_HOST)";
				CODE_SIGN_STYLE = Automatic;
				CURRENT_PROJECT_VERSION = 1;
				GENERATE_INFOPLIST_FILE = YES;
				IPHONEOS_DEPLOYMENT_TARGET = 18.5;
				MARKETING_VERSION = 1.0;
				PRODUCT_BUNDLE_IDENTIFIER = CPSC411.MovieNightTests;
				PRODUCT_NAME = "$(TARGET_NAME)";
				SWIFT_EMIT_LOC_STRINGS = NO;
				SWIFT_VERSION = 5.0;
				TARGETED_DEVICE_FAMILY = "1,2";
				TEST_HOST = "$(BUILT_PRODUCTS_DIR)/MovieNight.app/$(BUNDLE_EXECUTABLE_FOLDER_PATH)/MovieNight";
			};
			name = Debug;
		};
		DE149DD12EB2DB94009C4D3B /* Release */ = {
			isa = XCBuildConfiguration;
			buildSettings = {
				BUNDLE_LOADER = "$(TEST_HOST)";
				CODE_SIGN_STYLE = Automatic;
				CURRENT_PROJECT_VERSION = 1;
				GENERATE_INFOPLIST_FILE = YES;
				IPHONEOS_DEPLOYMENT_TARGET = 18.5;
				MARKETING_VERSION = 1.0;
				PRODUCT_BUNDLE_IDENTIFIER = CPSC411.MovieNightTests;
				PRODUCT_NAME = "$(TARGET_NAME)";
				SWIFT_EMIT_LOC_STRINGS = NO;
				SWIFT_VERSION = 5.0;
				TARGETED_DEVICE_FAMILY = "1,2";
				TEST_HOST = "$(BUILT_PRODUCTS_DIR)/MovieNight.app/$(BUNDLE_EXECUTABLE_FOLDER_PATH)/MovieNight";
			};
			name = Release;
		};
		DE149DD32EB2DB94009C4D3B /* Debug */ = {
			isa = XCBuildConfiguration;
			buildSettings = {
				CODE_SIGN_STYLE = Automatic;
				CURRENT_PROJECT_VERSION = 1;
				GENERATE_INFOPLIST_FILE = YES;
				MARKETING_VERSION = 1.0;
				PRODUCT_BUNDLE_IDENTIFIER = CPSC411.MovieNightUITests;
				PRODUCT_NAME = "$(TARGET_NAME)";
				SWIFT_EMIT_LOC_STRINGS = NO;
				SWIFT_VERSION = 5.0;
				TARGETED_DEVICE_FAMILY = "1,2";
				TEST_TARGET_NAME = MovieNight;
			};
			name = Debug;
		};
		DE149DD42EB2DB94009C4D3B /* Release */ = {
			isa = XCBuildConfiguration;
			buildSettings = {
				CODE_SIGN_STYLE = Automatic;
				CURRENT_PROJECT_VERSION = 1;
				GENERATE_INFOPLIST_FILE = YES;
				MARKETING_VERSION = 1.0;
				PRODUCT_BUNDLE_IDENTIFIER = CPSC411.MovieNightUITests;
				PRODUCT_NAME = "$(TARGET_NAME)";
				SWIFT_EMIT_LOC_STRINGS = NO;
				SWIFT_VERSION = 5.0;
				TARGETED_DEVICE_FAMILY = "1,2";
				TEST_TARGET_NAME = MovieNight;
			};
			name = Release;
		};
/* End XCBuildConfiguration section */

/* Begin XCConfigurationList section */
		DE149DA62EB2DB93009C4D3B /* Build configuration list for PBXProject "MovieNight" */ = {
			isa = XCConfigurationList;
			buildConfigurations = (
				DE149DCA2EB2DB94009C4D3B /* Debug */,
				DE149DCB2EB2DB94009C4D3B /* Release */,
			);
			defaultConfigurationIsVisible = 0;
			defaultConfigurationName = Release;
		};
		DE149DCC2EB2DB94009C4D3B /* Build configuration list for PBXNativeTarget "MovieNight" */ = {
			isa = XCConfigurationList;
			buildConfigurations = (
				DE149DCD2EB2DB94009C4D3B /* Debug */,
				DE149DCE2EB2DB94009C4D3B /* Release */,
			);
			defaultConfigurationIsVisible = 0;
			defaultConfigurationName = Release;
		};
		DE149DCF2EB2DB94009C4D3B /* Build configuration list for PBXNativeTarget "MovieNightTests" */ = {
			isa = XCConfigurationList;
			buildConfigurations = (
				DE149DD02EB2DB94009C4D3B /* Debug */,
				DE149DD12EB2DB94009C4D3B /* Release */,
			);
			defaultConfigurationIsVisible = 0;
			defaultConfigurationName = Release;
		};
		DE149DD22EB2DB94009C4D3B /* Build configuration list for PBXNativeTarget "MovieNightUITests" */ = {
			isa = XCConfigurationList;
			buildConfigurations = (
				DE149DD32EB2DB94009C4D3B /* Debug */,
				DE149DD42EB2DB94009C4D3B /* Release */,
			);
			defaultConfigurationIsVisible = 0;
			defaultConfigurationName = Release;
		};
/* End XCConfigurationList section */
	};
	rootObject = DE149DA32EB2DB93009C4D3B /* Project object */;
}
